{
  "nodes": {
    "nixpkgs": {
      "locked": {
        "lastModified": 1584173001,
        "narHash": "sha256-rvNGSN/QznyVEWU5DFRQL6jA9IQXPW+EWj4mc+OUhCU=",
        "owner": "nixos",
        "repo": "nixpkgs",
        "rev": "1a3ca53dee96b860aabaa93b53e0ce6f55c2357e",
        "type": "github"
      },
      "original": {
        "id": "nixpkgs",
        "type": "indirect"
      }
    },
    "opam2nix": {
      "inputs": {
        "nixpkgs": "nixpkgs"
      },
      "locked": {
        "lastModified": 1602620186,
        "narHash": "sha256-+5ShxocRsgU/bHUg3nJ21ICGzcjCTTIaZjgYeQzWt9A=",
        "owner": "ehmry",
        "repo": "opam2nix",
        "rev": "ac19a832eb76705e8255d4634510acf2d66a81d3",
        "type": "github"
      },
      "original": {
        "owner": "ehmry",
        "ref": "v1-flake",
        "repo": "opam2nix",
        "type": "github"
      }
    },
    "root": {
      "inputs": {
        "nixpkgs": [
          "opam2nix",
          "nixpkgs"
        ],
        "opam2nix": "opam2nix"
      }
    }
  },
  "root": "root",
  "version": 7
}
