{
  "inputs": {
    "nixpkgs": {
      "info": {
        "lastModified": 1584242278,
        "narHash": "sha256-8BlqpzW2yOBMUjqQp8x8IzL7qDDLF6xYyjhmkBEUiyU="
      },
      "inputs": {},
      "locked": {
        "owner": "NixOS",
        "repo": "nixpkgs",
        "rev": "ea8efb20a75b56284ecb8bc0d1d4cb9acc202620",
        "type": "github"
      },
      "original": {
        "id": "nixpkgs",
        "type": "indirect"
      }
    },
    "opam2nix": {
      "info": {
        "lastModified": 1584348294,
        "narHash": "sha256-Ok/0Gq8qVO4FZ0Vvzt7B6oM4HavQ+er5++iYLNfKUT4="
      },
      "inputs": {
        "nixpkgs": {
          "info": {
            "lastModified": 1584242278,
            "narHash": "sha256-8BlqpzW2yOBMUjqQp8x8IzL7qDDLF6xYyjhmkBEUiyU="
          },
          "inputs": {},
          "locked": {
            "owner": "NixOS",
            "repo": "nixpkgs",
            "rev": "ea8efb20a75b56284ecb8bc0d1d4cb9acc202620",
            "type": "github"
          },
          "original": {
            "id": "nixpkgs",
            "type": "indirect"
          }
        }
      },
      "locked": {
        "owner": "ehmry",
        "repo": "opam2nix",
        "rev": "7f1f78486e335ac0c551bf049dd488a6bf3954b1",
        "type": "github"
      },
      "original": {
        "owner": "ehmry",
        "ref": "v1-flake",
        "repo": "opam2nix",
        "type": "github"
      }
    }
  },
  "version": 4
}
